// !$*UTF8*$!
{
	archiveVersion = 1;
	classes = {
	};
	objectVersion = 46;
	objects = {

/* Begin PBXBuildFile section */
		7F839CD407CCD6CF003F2874 /* QSEmailActions.m in Sources */ = {isa = PBXBuildFile; fileRef = 7F839CCE07CCD6CF003F2874 /* QSEmailActions.m */; };
		7F839CD807CCD6CF003F2874 /* QSMailMediator.m in Sources */ = {isa = PBXBuildFile; fileRef = 7F839CD207CCD6CF003F2874 /* QSMailMediator.m */; };
		7F839CD907CCD6E5003F2874 /* QSMailMediator.h in Headers */ = {isa = PBXBuildFile; fileRef = 7F839CCD07CCD6CF003F2874 /* QSMailMediator.h */; };
		8D1AC9700486D14A00FE50C9 /* Cocoa.framework in Frameworks */ = {isa = PBXBuildFile; fileRef = DD92D38A0106425D02CA0E72 /* Cocoa.framework */; };
		D4A32F1C15AB5FC10055469A /* QSMailSupportPrefPane.xib in Resources */ = {isa = PBXBuildFile; fileRef = D4A32F1B15AB5FC10055469A /* QSMailSupportPrefPane.xib */; };
		D4BB97F0159DFE9A00415FA2 /* Quicksilver.pch in Headers */ = {isa = PBXBuildFile; fileRef = D4BB97EA159DFE9A00415FA2 /* Quicksilver.pch */; };
		D4E1B2EF15AE6C2B0075F776 /* MailCore.framework in Frameworks */ = {isa = PBXBuildFile; fileRef = D4E1B2E515AE6BF30075F776 /* MailCore.framework */; };
		D4E1B2F115AE6EC90075F776 /* MailCore.framework in CopyFiles */ = {isa = PBXBuildFile; fileRef = D4E1B2E515AE6BF30075F776 /* MailCore.framework */; };
/* End PBXBuildFile section */

/* Begin PBXContainerItemProxy section */
		D4E1B2E415AE6BF30075F776 /* PBXContainerItemProxy */ = {
			isa = PBXContainerItemProxy;
			containerPortal = D4E1B2CD15AE6BF10075F776 /* MailCore.xcodeproj */;
			proxyType = 2;
			remoteGlobalIDString = 8DC2EF5B0486A6940098B216;
			remoteInfo = MailCore;
		};
		D4E1B2E615AE6BF30075F776 /* PBXContainerItemProxy */ = {
			isa = PBXContainerItemProxy;
			containerPortal = D4E1B2CD15AE6BF10075F776 /* MailCore.xcodeproj */;
			proxyType = 2;
			remoteGlobalIDString = F8618B5710DADB5C00C41188;
			remoteInfo = "MailCore iOS";
		};
		D4E1B2E815AE6BF30075F776 /* PBXContainerItemProxy */ = {
			isa = PBXContainerItemProxy;
			containerPortal = D4E1B2CD15AE6BF10075F776 /* MailCore.xcodeproj */;
			proxyType = 2;
			remoteGlobalIDString = F8DFCF4915801A5000C01975;
			remoteInfo = Tests;
		};
/* End PBXContainerItemProxy section */

/* Begin PBXCopyFilesBuildPhase section */
		D4E1B2F015AE6DBF0075F776 /* CopyFiles */ = {
			isa = PBXCopyFilesBuildPhase;
			buildActionMask = 2147483647;
			dstPath = "";
			dstSubfolderSpec = 10;
			files = (
				D4E1B2F115AE6EC90075F776 /* MailCore.framework in CopyFiles */,
			);
			runOnlyForDeploymentPostprocessing = 0;
		};
/* End PBXCopyFilesBuildPhase section */

/* Begin PBXFileReference section */
		7F839CCD07CCD6CF003F2874 /* QSMailMediator.h */ = {isa = PBXFileReference; fileEncoding = 30; lastKnownFileType = sourcecode.c.h; path = QSMailMediator.h; sourceTree = "<group>"; };
		7F839CCE07CCD6CF003F2874 /* QSEmailActions.m */ = {isa = PBXFileReference; fileEncoding = 30; lastKnownFileType = sourcecode.c.objc; path = QSEmailActions.m; sourceTree = "<group>"; };
		7F839CD107CCD6CF003F2874 /* QSEmailActions.h */ = {isa = PBXFileReference; fileEncoding = 30; lastKnownFileType = sourcecode.c.h; path = QSEmailActions.h; sourceTree = "<group>"; };
		7F839CD207CCD6CF003F2874 /* QSMailMediator.m */ = {isa = PBXFileReference; fileEncoding = 30; lastKnownFileType = sourcecode.c.objc; path = QSMailMediator.m; sourceTree = "<group>"; };
		8D1AC9730486D14A00FE50C9 /* Info.plist */ = {isa = PBXFileReference; fileEncoding = 4; lastKnownFileType = text.plist; path = Info.plist; sourceTree = "<group>"; };
		8D1AC9740486D14A00FE50C9 /* E-mail Support.qsplugin */ = {isa = PBXFileReference; explicitFileType = wrapper.cfbundle; includeInIndex = 0; path = "E-mail Support.qsplugin"; sourceTree = BUILT_PRODUCTS_DIR; };
		D4A32F1B15AB5FC10055469A /* QSMailSupportPrefPane.xib */ = {isa = PBXFileReference; fileEncoding = 4; lastKnownFileType = file.xib; path = QSMailSupportPrefPane.xib; sourceTree = "<group>"; };
		D4BB97E6159DFE9A00415FA2 /* Common.xcconfig */ = {isa = PBXFileReference; fileEncoding = 4; lastKnownFileType = text.xcconfig; path = Common.xcconfig; sourceTree = "<group>"; };
		D4BB97E7159DFE9A00415FA2 /* Debug.xcconfig */ = {isa = PBXFileReference; fileEncoding = 4; lastKnownFileType = text.xcconfig; path = Debug.xcconfig; sourceTree = "<group>"; };
		D4BB97E8159DFE9A00415FA2 /* Developer.xcconfig */ = {isa = PBXFileReference; fileEncoding = 4; lastKnownFileType = text.xcconfig; path = Developer.xcconfig; sourceTree = "<group>"; };
		D4BB97E9159DFE9A00415FA2 /* QSPlugIn.xcconfig */ = {isa = PBXFileReference; fileEncoding = 4; lastKnownFileType = text.xcconfig; path = QSPlugIn.xcconfig; sourceTree = "<group>"; };
		D4BB97EA159DFE9A00415FA2 /* Quicksilver.pch */ = {isa = PBXFileReference; fileEncoding = 4; lastKnownFileType = sourcecode.c.h; path = Quicksilver.pch; sourceTree = "<group>"; };
		D4BB97EB159DFE9A00415FA2 /* Release.xcconfig */ = {isa = PBXFileReference; fileEncoding = 4; lastKnownFileType = text.xcconfig; path = Release.xcconfig; sourceTree = "<group>"; };
		D4E1B2CD15AE6BF10075F776 /* MailCore.xcodeproj */ = {isa = PBXFileReference; lastKnownFileType = "wrapper.pb-project"; name = MailCore.xcodeproj; path = ../Support/MailCore/MailCore.xcodeproj; sourceTree = "<group>"; };
		DD92D38A0106425D02CA0E72 /* Cocoa.framework */ = {isa = PBXFileReference; lastKnownFileType = wrapper.framework; name = Cocoa.framework; path = /System/Library/Frameworks/Cocoa.framework; sourceTree = "<absolute>"; };
/* End PBXFileReference section */

/* Begin PBXFrameworksBuildPhase section */
		8D1AC96E0486D14A00FE50C9 /* Frameworks */ = {
			isa = PBXFrameworksBuildPhase;
			buildActionMask = 2147483647;
			files = (
				D4E1B2EF15AE6C2B0075F776 /* MailCore.framework in Frameworks */,
				8D1AC9700486D14A00FE50C9 /* Cocoa.framework in Frameworks */,
			);
			runOnlyForDeploymentPostprocessing = 0;
		};
/* End PBXFrameworksBuildPhase section */

/* Begin PBXGroup section */
		0259C574FE90428111CA0C5A /* QSMailSupport */ = {
			isa = PBXGroup;
			children = (
				D4E1B2CD15AE6BF10075F776 /* MailCore.xcodeproj */,
				D4BB97E5159DFE9A00415FA2 /* Configuration */,
				32DBCF9E0370C38000C91783 /* Classes */,
				0259C582FE90428111CA0C5A /* Resources */,
				1ED78706FE9D4A0611CA0C5A /* Products */,
				2E58F364FFB232C311CA0CBA /* Frameworks */,
			);
			name = QSMailSupport;
			sourceTree = "<group>";
		};
		0259C582FE90428111CA0C5A /* Resources */ = {
			isa = PBXGroup;
			children = (
				D4A32F1B15AB5FC10055469A /* QSMailSupportPrefPane.xib */,
				8D1AC9730486D14A00FE50C9 /* Info.plist */,
			);
			name = Resources;
			sourceTree = "<group>";
		};
		1ED78706FE9D4A0611CA0C5A /* Products */ = {
			isa = PBXGroup;
			children = (
				8D1AC9740486D14A00FE50C9 /* E-mail Support.qsplugin */,
			);
			name = Products;
			sourceTree = "<group>";
		};
		2E58F364FFB232C311CA0CBA /* Frameworks */ = {
			isa = PBXGroup;
			children = (
				DD92D38A0106425D02CA0E72 /* Cocoa.framework */,
			);
			name = Frameworks;
			sourceTree = "<group>";
		};
		32DBCF9E0370C38000C91783 /* Classes */ = {
			isa = PBXGroup;
			children = (
				7F839CD107CCD6CF003F2874 /* QSEmailActions.h */,
				7F839CCE07CCD6CF003F2874 /* QSEmailActions.m */,
				7F839CCD07CCD6CF003F2874 /* QSMailMediator.h */,
				7F839CD207CCD6CF003F2874 /* QSMailMediator.m */,
			);
			name = Classes;
			sourceTree = "<group>";
		};
		D4BB97E5159DFE9A00415FA2 /* Configuration */ = {
			isa = PBXGroup;
			children = (
				D4BB97E6159DFE9A00415FA2 /* Common.xcconfig */,
				D4BB97E7159DFE9A00415FA2 /* Debug.xcconfig */,
				D4BB97E8159DFE9A00415FA2 /* Developer.xcconfig */,
				D4BB97E9159DFE9A00415FA2 /* QSPlugIn.xcconfig */,
				D4BB97EA159DFE9A00415FA2 /* Quicksilver.pch */,
				D4BB97EB159DFE9A00415FA2 /* Release.xcconfig */,
			);
			name = Configuration;
			path = /private/tmp/QS/Configuration;
			sourceTree = "<absolute>";
		};
		D4E1B2CE15AE6BF10075F776 /* Products */ = {
			isa = PBXGroup;
			children = (
				D4E1B2E515AE6BF30075F776 /* MailCore.framework */,
				D4E1B2E715AE6BF30075F776 /* libmailcore.a */,
				D4E1B2E915AE6BF30075F776 /* Tests.octest */,
			);
			name = Products;
			sourceTree = "<group>";
		};
/* End PBXGroup section */

/* Begin PBXHeadersBuildPhase section */
		7F839CDC07CCD70A003F2874 /* Headers */ = {
			isa = PBXHeadersBuildPhase;
			buildActionMask = 2147483647;
			files = (
				7F839CD907CCD6E5003F2874 /* QSMailMediator.h in Headers */,
				D4BB97F0159DFE9A00415FA2 /* Quicksilver.pch in Headers */,
			);
			runOnlyForDeploymentPostprocessing = 0;
		};
/* End PBXHeadersBuildPhase section */

/* Begin PBXNativeTarget section */
		8D1AC9600486D14A00FE50C9 /* Email Support */ = {
			isa = PBXNativeTarget;
			buildConfigurationList = 7FFF245E085E488500266176 /* Build configuration list for PBXNativeTarget "Email Support" */;
			buildPhases = (
				E1022B2806B3475D00299BEC /* ShellScript */,
				8D1AC9660486D14A00FE50C9 /* Resources */,
				8D1AC96A0486D14A00FE50C9 /* Sources */,
				8D1AC96E0486D14A00FE50C9 /* Frameworks */,
				7F839CDC07CCD70A003F2874 /* Headers */,
				D4E1B2F015AE6DBF0075F776 /* CopyFiles */,
			);
			buildRules = (
			);
			dependencies = (
			);
			name = "Email Support";
			productInstallPath = "$(HOME)/Developer/Palettes";
			productName = QSMailSupport;
			productReference = 8D1AC9740486D14A00FE50C9 /* E-mail Support.qsplugin */;
			productType = "com.apple.product-type.bundle";
		};
/* End PBXNativeTarget section */

/* Begin PBXProject section */
		0259C573FE90428111CA0C5A /* Project object */ = {
			isa = PBXProject;
			attributes = {
				LastUpgradeCheck = 0430;
			};
			buildConfigurationList = 7FFF2462085E488500266176 /* Build configuration list for PBXProject "MailSupportElement" */;
			compatibilityVersion = "Xcode 3.2";
			developmentRegion = English;
			hasScannedForEncodings = 1;
			knownRegions = (
				en,
			);
			mainGroup = 0259C574FE90428111CA0C5A /* QSMailSupport */;
			projectDirPath = "";
			projectReferences = (
				{
					ProductGroup = D4E1B2CE15AE6BF10075F776 /* Products */;
					ProjectRef = D4E1B2CD15AE6BF10075F776 /* MailCore.xcodeproj */;
				},
			);
			projectRoot = "";
			targets = (
				8D1AC9600486D14A00FE50C9 /* Email Support */,
			);
		};
/* End PBXProject section */

/* Begin PBXReferenceProxy section */
		D4E1B2E515AE6BF30075F776 /* MailCore.framework */ = {
			isa = PBXReferenceProxy;
			fileType = wrapper.framework;
			path = MailCore.framework;
			remoteRef = D4E1B2E415AE6BF30075F776 /* PBXContainerItemProxy */;
			sourceTree = BUILT_PRODUCTS_DIR;
		};
		D4E1B2E715AE6BF30075F776 /* libmailcore.a */ = {
			isa = PBXReferenceProxy;
			fileType = archive.ar;
			path = libmailcore.a;
			remoteRef = D4E1B2E615AE6BF30075F776 /* PBXContainerItemProxy */;
			sourceTree = BUILT_PRODUCTS_DIR;
		};
		D4E1B2E915AE6BF30075F776 /* Tests.octest */ = {
			isa = PBXReferenceProxy;
			fileType = wrapper.cfbundle;
			path = Tests.octest;
			remoteRef = D4E1B2E815AE6BF30075F776 /* PBXContainerItemProxy */;
			sourceTree = BUILT_PRODUCTS_DIR;
		};
/* End PBXReferenceProxy section */

/* Begin PBXResourcesBuildPhase section */
		8D1AC9660486D14A00FE50C9 /* Resources */ = {
			isa = PBXResourcesBuildPhase;
			buildActionMask = 2147483647;
			files = (
				D4A32F1C15AB5FC10055469A /* QSMailSupportPrefPane.xib in Resources */,
			);
			runOnlyForDeploymentPostprocessing = 0;
		};
/* End PBXResourcesBuildPhase section */

/* Begin PBXShellScriptBuildPhase section */
		E1022B2806B3475D00299BEC /* ShellScript */ = {
			isa = PBXShellScriptBuildPhase;
			buildActionMask = 8;
			files = (
			);
			inputPaths = (
			);
			outputPaths = (
			);
			runOnlyForDeploymentPostprocessing = 1;
			shellPath = /bin/sh;
			shellScript = "\"$QS_BUILD_ROOT/Tools/bltrversion\"";
		};
/* End PBXShellScriptBuildPhase section */

/* Begin PBXSourcesBuildPhase section */
		8D1AC96A0486D14A00FE50C9 /* Sources */ = {
			isa = PBXSourcesBuildPhase;
			buildActionMask = 2147483647;
			files = (
				7F839CD407CCD6CF003F2874 /* QSEmailActions.m in Sources */,
				7F839CD807CCD6CF003F2874 /* QSMailMediator.m in Sources */,
			);
			runOnlyForDeploymentPostprocessing = 0;
		};
/* End PBXSourcesBuildPhase section */

/* Begin XCBuildConfiguration section */
		7FE7D34E0D1F00220043A815 /* Debug */ = {
			isa = XCBuildConfiguration;
			baseConfigurationReference = D4BB97E7159DFE9A00415FA2 /* Debug.xcconfig */;
			buildSettings = {
			};
			name = Debug;
		};
		7FE7D34F0D1F00220043A815 /* Debug */ = {
			isa = XCBuildConfiguration;
			baseConfigurationReference = D4BB97E9159DFE9A00415FA2 /* QSPlugIn.xcconfig */;
			buildSettings = {
				HEADER_SEARCH_PATHS = (
					../Support/MailCore/Source,
					"../Support/MailCore/libetpan/build-mac/include",
				);
				PRODUCT_NAME = "E-mail Support";
			};
			name = Debug;
		};
		7FFF2460085E488500266176 /* Release */ = {
			isa = XCBuildConfiguration;
			baseConfigurationReference = D4BB97E9159DFE9A00415FA2 /* QSPlugIn.xcconfig */;
			buildSettings = {
				HEADER_SEARCH_PATHS = (
					../Support/MailCore/Source,
					"../Support/MailCore/libetpan/build-mac/include",
				);
				PRODUCT_NAME = "E-mail Support";
			};
			name = Release;
		};
		7FFF2464085E488500266176 /* Release */ = {
			isa = XCBuildConfiguration;
			baseConfigurationReference = D4BB97EB159DFE9A00415FA2 /* Release.xcconfig */;
			buildSettings = {
			};
			name = Release;
		};
/* End XCBuildConfiguration section */

/* Begin XCConfigurationList section */
		7FFF245E085E488500266176 /* Build configuration list for PBXNativeTarget "Email Support" */ = {
			isa = XCConfigurationList;
			buildConfigurations = (
				7FFF2460085E488500266176 /* Release */,
				7FE7D34F0D1F00220043A815 /* Debug */,
			);
			defaultConfigurationIsVisible = 0;
			defaultConfigurationName = Debug;
		};
		7FFF2462085E488500266176 /* Build configuration list for PBXProject "MailSupportElement" */ = {
			isa = XCConfigurationList;
			buildConfigurations = (
				7FFF2464085E488500266176 /* Release */,
				7FE7D34E0D1F00220043A815 /* Debug */,
			);
			defaultConfigurationIsVisible = 0;
			defaultConfigurationName = Debug;
		};
/* End XCConfigurationList section */
	};
	rootObject = 0259C573FE90428111CA0C5A /* Project object */;
}
